
Microsoft Visual Studio Solution File, Format Version 12.00
# Visual Studio Version 16
VisualStudioVersion = 16.0.30104.148
MinimumVisualStudioVersion = 10.0.40219.1
Project("{9A19103F-16F7-4668-BE54-9A1E7A4F7556}") = "DashboardStatusApp", "DashboardStatusApp\DashboardStatusApp.csproj", "{104A8CFF-F25E-4E6A-868E-5CE60D1F0D76}"
EndProject
Project("{FAE04EC0-301F-11D3-BF4B-00C04F79EFBC}") = "DashboardStatusUnitTest", "DashboardStatusUnitTest\DashboardStatusUnitTest.csproj", "{71181DCD-1EF2-4448-8C0C-86016D1A66F1}"
EndProject
Global
	GlobalSection(SolutionConfigurationPlatforms) = preSolution
		Debug|Any CPU = Debug|Any CPU
		Release|Any CPU = Release|Any CPU
	EndGlobalSection
	GlobalSection(ProjectConfigurationPlatforms) = postSolution
		{104A8CFF-F25E-4E6A-868E-5CE60D1F0D76}.Debug|Any CPU.ActiveCfg = Debug|Any CPU
		{104A8CFF-F25E-4E6A-868E-5CE60D1F0D76}.Debug|Any CPU.Build.0 = Debug|Any CPU
		{104A8CFF-F25E-4E6A-868E-5CE60D1F0D76}.Release|Any CPU.ActiveCfg = Release|Any CPU
		{104A8CFF-F25E-4E6A-868E-5CE60D1F0D76}.Release|Any CPU.Build.0 = Release|Any CPU
		{71181DCD-1EF2-4448-8C0C-86016D1A66F1}.Debug|Any CPU.ActiveCfg = Debug|Any CPU
		{71181DCD-1EF2-4448-8C0C-86016D1A66F1}.Debug|Any CPU.Build.0 = Debug|Any CPU
		{71181DCD-1EF2-4448-8C0C-86016D1A66F1}.Release|Any CPU.ActiveCfg = Release|Any CPU
		{71181DCD-1EF2-4448-8C0C-86016D1A66F1}.Release|Any CPU.Build.0 = Release|Any CPU
	EndGlobalSection
	GlobalSection(SolutionProperties) = preSolution
		HideSolutionNode = FALSE
	EndGlobalSection
	GlobalSection(ExtensibilityGlobals) = postSolution
		SolutionGuid = {47736CEC-2FA0-4A18-9149-825BE0D33EFB}
	EndGlobalSection
EndGlobal
